# This file is @generated by PDM.
# It is not intended for manual editing.

[metadata]
groups = ["default", "test"]
strategy = ["inherit_metadata"]
lock_version = "4.5.0"
content_hash = "sha256:e63cc665a6754eee7b29bd4df4887ea9c58d4024743fed9009abe214ebeab70a"

[[metadata.targets]]
requires_python = ">=3.11,<3.14.1||>3.14.1,<3.15"

[[package]]
name = "colorama"
version = "0.4.6"
requires_python = "!=3.0.*,!=3.1.*,!=3.2.*,!=3.3.*,!=3.4.*,!=3.5.*,!=3.6.*,>=2.7"
summary = "Cross-platform colored terminal text."
groups = ["test"]
marker = "sys_platform == \"win32\""
files = [
    {file = "colorama-0.4.6-py2.py3-none-any.whl", hash = "sha256:4f1d9991f5acc0ca119f9d443620b77f9d6b33703e51011c16baf57afb285fc6"},
    {file = "colorama-0.4.6.tar.gz", hash = "sha256:08695f5cb7ed6e0531a20572697297273c47b8cae5a63ffc6d6ed5c201be6e44"},
]

[[package]]
name = "coverage"
version = "7.14.2"
requires_python = ">=3.10"
summary = "Code coverage measurement for Python"
groups = ["test"]
files = [
    {file = "coverage-7.14.2-cp311-cp311-macosx_10_9_x86_64.whl", hash = "sha256:909f265c8c41f04c824bf741b2601fdcb56cab4bf56e018996b6494192ba0f58"},
    {file = "coverage-7.14.2-cp311-cp311-macosx_11_0_arm64.whl", hash = "sha256:c8102deaf911938233f760426e6a5e287388521de95111d5c8de26c8a1028924"},
    {file = "coverage-7.14.2-cp311-cp311-manylinux1_i686.manylinux_2_28_i686.manylinux_2_5_i686.whl", hash = "sha256:851f49e7bd7d1cdaf328f3133942b252d5e3d3380690131f423cba8e435b87f5"},
    {file = "coverage-7.14.2-cp311-cp311-manylinux1_x86_64.manylinux_2_28_x86_64.manylinux_2_5_x86_64.whl", hash = "sha256:04cb445bed86aaf00aaa97d41a8b6e30f100f21e81c34caaec4efc684cb57768"},
    {file = "coverage-7.14.2-cp311-cp311-manylinux2014_aarch64.manylinux_2_17_aarch64.manylinux_2_28_aarch64.whl", hash = "sha256:7471bc920d97c51c37ea8127f13b2adca43c3d78c53313b26a1f428e99d2c254"},
    {file = "coverage-7.14.2-cp311-cp311-manylinux2014_ppc64le.manylinux_2_17_ppc64le.manylinux_2_28_ppc64le.whl", hash = "sha256:da5057e1bb257c967feee8ba67f3ebf379e801c7717f238b3d8c9caf00fc8f93"},
    {file = "coverage-7.14.2-cp311-cp311-manylinux_2_31_riscv64.manylinux_2_39_riscv64.whl", hash = "sha256:33c0da852e8a40246cd8e20cf3b2fc17ca52a45e9b5f7983c93db26f5d24b87b"},
    {file = "coverage-7.14.2-cp311-cp311-musllinux_1_2_aarch64.whl", hash = "sha256:f48a85bb437fab7782021c40bfee6b15146928b96960d008ace41b6901a0f21d"},
    {file = "coverage-7.14.2-cp311-cp311-musllinux_1_2_i686.whl", hash = "sha256:f44e7579a769a21d5b5e3166916bfe30ee175aaffff750324cbb11be2dbec5ad"},
    {file = "coverage-7.14.2-cp311-cp311-musllinux_1_2_ppc64le.whl", hash = "sha256:78853ca3c6ca2f012daa2b07dbabbb8db0f09d4dbe8ee828d294b3445d3f4cd8"},
    {file = "coverage-7.14.2-cp311-cp311-musllinux_1_2_riscv64.whl", hash = "sha256:c9c2795ee3692097ff226ab806005d36bb9691fca9b35353542b57ea749cc830"},
    {file = "coverage-7.14.2-cp311-cp311-musllinux_1_2_x86_64.whl", hash = "sha256:2f5cc48a845d755b6db236f8c29c2b54773eb4c7e4ee2ead43812d73718784b0"},
    {file = "coverage-7.14.2-cp311-cp311-win32.whl", hash = "sha256:9c61cb7eaabcfa609c5bc0f5ff5869d72a2f02f17994e5fba5f971de516f3c82"},
    {file = "coverage-7.14.2-cp311-cp311-win_amd64.whl", hash = "sha256:e715909b0966d1774d8a26e14e2f4a3ae75909dca526901c6306286b2dcbfbdc"},
    {file = "coverage-7.14.2-cp311-cp311-win_arm64.whl", hash = "sha256:9193f7150937a4fd836b10eaa123e15d98e961d1fabac07e60adf2d4785f888a"},
    {file = "coverage-7.14.2-cp312-cp312-macosx_10_13_x86_64.whl", hash = "sha256:37c94712e533ea06f0b1e4d934811c520b1914ce0e4da3916220717aa7a86bc6"},
    {file = "coverage-7.14.2-cp312-cp312-macosx_11_0_arm64.whl", hash = "sha256:c050bbc7bba94c77e4ed7438f4fda1babe98ab145691d80aa6f60df934a1468b"},
    {file = "coverage-7.14.2-cp312-cp312-manylinux1_i686.manylinux_2_28_i686.manylinux_2_5_i686.whl", hash = "sha256:a7af571767a2ee342a171c16fc1b1a07a0bf511606d381703fb7cf397fe49d46"},
    {file = "coverage-7.14.2-cp312-cp312-manylinux1_x86_64.manylinux_2_28_x86_64.manylinux_2_5_x86_64.whl", hash = "sha256:8b4910cce599cd2438f8da65f5ef199a70a1cdb6ab314926df78271ca5954240"},
    {file = "coverage-7.14.2-cp312-cp312-manylinux2014_aarch64.manylinux_2_17_aarch64.manylinux_2_28_aarch64.whl", hash = "sha256:c33e9e4878972f430b0cc06de3bf2a28d054a9efb4f8426d27de0d9cb81396ff"},
    {file = "coverage-7.14.2-cp312-cp312-manylinux2014_ppc64le.manylinux_2_17_ppc64le.manylinux_2_28_ppc64le.whl", hash = "sha256:e7967ea55c6dea6becba4d5870e2fa0aa4915a8be7ebff1bb79e6207aa75ce8d"},
    {file = "coverage-7.14.2-cp312-cp312-manylinux_2_31_riscv64.manylinux_2_39_riscv64.whl", hash = "sha256:d1322f237c2979b84096f4239c17828ff17fea6b3bbe96c44381c5f587c44c26"},
    {file = "coverage-7.14.2-cp312-cp312-musllinux_1_2_aarch64.whl", hash = "sha256:77849525340c99f516d793dddbcee16b18d50af892ac43c8de1a6f343d41e3b5"},
    {file = "coverage-7.14.2-cp312-cp312-musllinux_1_2_i686.whl", hash = "sha256:ef11695493ec3f06f7b2678ca274bcabb4ca04057317df268ddbfd8b05f661a8"},
    {file = "coverage-7.14.2-cp312-cp312-musllinux_1_2_ppc64le.whl", hash = "sha256:8134f0e0723e080d1c27bbe8fc149f0162e429fa1852482150015d0fce83eaf1"},
    {file = "coverage-7.14.2-cp312-cp312-musllinux_1_2_riscv64.whl", hash = "sha256:914eead2b843fc357f733b3fe39cc94f1b53d466e8cfe03080b1ed9d24ccfc73"},
    {file = "coverage-7.14.2-cp312-cp312-musllinux_1_2_x86_64.whl", hash = "sha256:e4b2d5e847fb7958583b74910cc19e5ec4ece514487385677b26433b2546116e"},
    {file = "coverage-7.14.2-cp312-cp312-win32.whl", hash = "sha256:e753db9e40dda7302e0ac3e1e6e1325fb7f7b4694f87a7314ab15dd5d57911a7"},
    {file = "coverage-7.14.2-cp312-cp312-win_amd64.whl", hash = "sha256:d32e5ca5f16dafb269ee50b60d32b00c704b3f6f78e238105f1d94a3a5f24bf5"},
    {file = "coverage-7.14.2-cp312-cp312-win_arm64.whl", hash = "sha256:dc366f158e2fb2add9d4e57338ca48f12611024278688ee657eb0b853fcb5de5"},
    {file = "coverage-7.14.2-cp313-cp313-macosx_10_13_x86_64.whl", hash = "sha256:e5f077641a6713ce9d38df9e85d4fb9e008677fc0775cbaeb32ddfc3b319d4ca"},
    {file = "coverage-7.14.2-cp313-cp313-macosx_11_0_arm64.whl", hash = "sha256:0907f39b49ae818fe8af50aaa0f19afbc8ca164aea0865181ca7af17a3ac690b"},
    {file = "coverage-7.14.2-cp313-cp313-manylinux1_i686.manylinux_2_28_i686.manylinux_2_5_i686.whl", hash = "sha256:5734d47669118d75c28981e562d4530ceb77342d31ffef6def5edd5ad4f05d7b"},
    {file = "coverage-7.14.2-cp313-cp313-manylinux1_x86_64.manylinux_2_28_x86_64.manylinux_2_5_x86_64.whl", hash = "sha256:1d9a1b5813d00ea6151f6ccf64d1fa16892771dfdda12ba87162d15ec4ea3e1e"},
    {file = "coverage-7.14.2-cp313-cp313-manylinux2014_aarch64.manylinux_2_17_aarch64.manylinux_2_28_aarch64.whl", hash = "sha256:9f0a80f4c8ac3f774210b1cc1bc0e31e75502f2818dda9a144ff90e702c4d91d"},
    {file = "coverage-7.14.2-cp313-cp313-manylinux2014_ppc64le.manylinux_2_17_ppc64le.manylinux_2_28_ppc64le.whl", hash = "sha256:c2e66f3f22d6c1515ce70f2e7c3e9c6f3ff0ff33480125c9f9c53e8f6508e30f"},
    {file = "coverage-7.14.2-cp313-cp313-manylinux_2_31_riscv64.manylinux_2_39_riscv64.whl", hash = "sha256:6a2c37c3114f87ca7f10113756026eecb49656514debad600dcbec21f355ccea"},
    {file = "coverage-7.14.2-cp313-cp313-musllinux_1_2_aarch64.whl", hash = "sha256:3b16a7959d04b1497281c062c180413565c3f3469211d78799ad5b9a75f67796"},
    {file = "coverage-7.14.2-cp313-cp313-musllinux_1_2_i686.whl", hash = "sha256:6466c6999545cf00c4c142dfcbbf2db396dc735f005dcf8f91d57e351a79472b"},
    {file = "coverage-7.14.2-cp313-cp313-musllinux_1_2_ppc64le.whl", hash = "sha256:5c60915ebb8f562317ba5ff6b8c32e25c0882289b201a9f2fb2987f91efd95d8"},
    {file = "coverage-7.14.2-cp313-cp313-musllinux_1_2_riscv64.whl", hash = "sha256:33b830850488acbcd358c78a4fecfafe7031667b4da8ddff5546295dc962cdeb"},
    {file = "coverage-7.14.2-cp313-cp313-musllinux_1_2_x86_64.whl", hash = "sha256:d0f845539230b8269aec902bc978b0cc403f52f002d18a04492efc943404d0bc"},
    {file = "coverage-7.14.2-cp313-cp313-win32.whl", hash = "sha256:a8ac51a2e441e9119b9395f4d893fbc4934c64c8ba58be9b9eaa85591249e548"},
    {file = "coverage-7.14.2-cp313-cp313-win_amd64.whl", hash = "sha256:039b264cdb31c44b48f9821e2afbf8f37df49e0fb837e24a942918b36c567e31"},
    {file = "coverage-7.14.2-cp313-cp313-win_arm64.whl", hash = "sha256:7f2ef591e381cc36b8e53334e1b842c760c520c8a52d01e8626209400e93fe6a"},
    {file = "coverage-7.14.2-cp314-cp314-macosx_10_15_x86_64.whl", hash = "sha256:7a0d1f026b72d627fa5c8a57cbc86ad209b64aa2a65833c83b290ace5cbee126"},
    {file = "coverage-7.14.2-cp314-cp314-macosx_11_0_arm64.whl", hash = "sha256:4d2b86f81c1c9310a7e774e3cc9e927a3d0bf583ecbfa01498dd626930025428"},
    {file = "coverage-7.14.2-cp314-cp314-manylinux1_i686.manylinux_2_28_i686.manylinux_2_5_i686.whl", hash = "sha256:d76bdc1f9396ae70a55d050cf9743d88141c62ce0a22a3f627fab1d11c2f8bc6"},
    {file = "coverage-7.14.2-cp314-cp314-manylinux1_x86_64.manylinux_2_28_x86_64.manylinux_2_5_x86_64.whl", hash = "sha256:cda36d8e7bfd63b3e44e75163265429caa5d935b672b00f71bccc8c010518c64"},
    {file = "coverage-7.14.2-cp314-cp314-manylinux2014_aarch64.manylinux_2_17_aarch64.manylinux_2_28_aarch64.whl", hash = "sha256:0904f3b79d7b845bef0715afe1900da634d12b97f05b9479cb472880ca07cb9c"},
    {file = "coverage-7.14.2-cp314-cp314-manylinux2014_ppc64le.manylinux_2_17_ppc64le.manylinux_2_28_ppc64le.whl", hash = "sha256:b6795ca4198d6cb7fc2c6163214f6555a6bc5f0ae1e268e76139dec4b37c4499"},
    {file = "coverage-7.14.2-cp314-cp314-manylinux_2_31_riscv64.manylinux_2_39_riscv64.whl", hash = "sha256:c41e9b60fc0fa57f5d73306417d2f9d668202cca6944f9435878c55a5e7ae213"},
    {file = "coverage-7.14.2-cp314-cp314-musllinux_1_2_aarch64.whl", hash = "sha256:419d2aadd5746efc2e9df0f33c05570d8192e6f6a6098ab05acce586f44ce8a5"},
    {file = "coverage-7.14.2-cp314-cp314-musllinux_1_2_i686.whl", hash = "sha256:1c5d273c5f1411c0d26c4f066c398d4a434b1f97bb5fa409189bedce86d4add4"},
    {file = "coverage-7.14.2-cp314-cp314-musllinux_1_2_ppc64le.whl", hash = "sha256:5fe465bc691264adce601527a972990c1174075d86bcbe9968fd20c95e0b1948"},
    {file = "coverage-7.14.2-cp314-cp314-musllinux_1_2_riscv64.whl", hash = "sha256:6fbb61617af1c56f95d53170ae9fa6c9aef6de1abd02fcc50064bfc672efb18d"},
    {file = "coverage-7.14.2-cp314-cp314-musllinux_1_2_x86_64.whl", hash = "sha256:e1eff22b831dfd5694989cc1f0789980f18391f614ac67c851af9a8e6d25e9ba"},
    {file = "coverage-7.14.2-cp314-cp314-win32.whl", hash = "sha256:58e91be0a233adef698d3e6be54f10401bb91fd7854c0d4c4d50e0d3711e72f1"},
    {file = "coverage-7.14.2-cp314-cp314-win_amd64.whl", hash = "sha256:d8429bf97906bfe6c61f9dbfb3342e0d88120da61939da8bd04f830cc3eab3b8"},
    {file = "coverage-7.14.2-cp314-cp314-win_arm64.whl", hash = "sha256:13609d9d77249447aa73357b14831b0f3b95f275026c9ff20dd105f981f53a0c"},
    {file = "coverage-7.14.2-cp314-cp314t-macosx_10_15_x86_64.whl", hash = "sha256:9818486c2bac88ae931df7e04905ee29bef49fd218c00f5f02bed4855254a101"},
    {file = "coverage-7.14.2-cp314-cp314t-macosx_11_0_arm64.whl", hash = "sha256:58055adffabfa243516a197aa9f85f0dd56d905b0fba1a10193269759c29ccb0"},
    {file = "coverage-7.14.2-cp314-cp314t-manylinux1_i686.manylinux_2_28_i686.manylinux_2_5_i686.whl", hash = "sha256:535747dbc200349d7fb434cffcb28e770f0290f69b225f56dc3803aa7210cdea"},
    {file = "coverage-7.14.2-cp314-cp314t-manylinux1_x86_64.manylinux_2_28_x86_64.manylinux_2_5_x86_64.whl", hash = "sha256:420c66e35d85c0ca5dc6a38147d83ef239762542900e5921ebbdb89333c540ea"},
    {file = "coverage-7.14.2-cp314-cp314t-manylinux2014_aarch64.manylinux_2_17_aarch64.manylinux_2_28_aarch64.whl", hash = "sha256:f2cf17b33773be446a588551ea6a746b2d70dd0bc90dc31f1dd7648975a63c6b"},
    {file = "coverage-7.14.2-cp314-cp314t-manylinux2014_ppc64le.manylinux_2_17_ppc64le.manylinux_2_28_ppc64le.whl", hash = "sha256:adb4a5fef041f7179bb264203add873c147d169cf2f8d0adae89ff2e51271bac"},
    {file = "coverage-7.14.2-cp314-cp314t-manylinux_2_31_riscv64.manylinux_2_39_riscv64.whl", hash = "sha256:9c012ec357dec9408a83dad5541172a63c5cfa1421709f2e5811480d31ae1b28"},
    {file = "coverage-7.14.2-cp314-cp314t-musllinux_1_2_aarch64.whl", hash = "sha256:dacd0ecd08fda3cb2f85b60cabea7da326dcb2fc15fbb23a88830a80144cc9f2"},
    {file = "coverage-7.14.2-cp314-cp314t-musllinux_1_2_i686.whl", hash = "sha256:f27e980f2feba5dfe7a32b22b125470de69c0bd113c75e16165de909a777f512"},
    {file = "coverage-7.14.2-cp314-cp314t-musllinux_1_2_ppc64le.whl", hash = "sha256:105c00efb65c863630b2b63cbf7b8267e4da2d44b62284efbb19a03b04c337d4"},
    {file = "coverage-7.14.2-cp314-cp314t-musllinux_1_2_riscv64.whl", hash = "sha256:571173fa04c8e8d6235ab32ae67fecca97777e2e1b4a1a30f3022c34e397c1c1"},
    {file = "coverage-7.14.2-cp314-cp314t-musllinux_1_2_x86_64.whl", hash = "sha256:e532f34d42d1a421fa00ed6b7735d14ac2e340256c1bad26a5e1dc1252b0bed7"},
    {file = "coverage-7.14.2-cp314-cp314t-win32.whl", hash = "sha256:243971550fb46c3039257f75e65610002d84304c505f609bbd9779e20a653a0a"},
    {file = "coverage-7.14.2-cp314-cp314t-win_amd64.whl", hash = "sha256:60fb0ca084a92da96474b8b405a7ea76dfecac3c68db54383e7934b6f3871169"},
    {file = "coverage-7.14.2-cp314-cp314t-win_arm64.whl", hash = "sha256:36a0a3f42ed7dfdbca2a69a541519ffd5064a5692152fc0018109e74370d7345"},
    {file = "coverage-7.14.2-py3-none-any.whl", hash = "sha256:04d92589e481a8b68a005a5a1e0646a91c76f322c397c4635298c57cf63699b5"},
    {file = "coverage-7.14.2.tar.gz", hash = "sha256:7a2da3d81cfe17c18038c6d98e6592aa9147d596d056119b0ee612c3c8bd5230"},
]

[[package]]
name = "coverage"
version = "7.14.2"
extras = ["toml"]
requires_python = ">=3.10"
summary = "Code coverage measurement for Python"
groups = ["test"]
dependencies = [
    "coverage==7.14.2",
    "tomli; python_full_version <= \"3.11.0a6\"",
]
files = [
    {file = "coverage-7.14.2-cp311-cp311-macosx_10_9_x86_64.whl", hash = "sha256:909f265c8c41f04c824bf741b2601fdcb56cab4bf56e018996b6494192ba0f58"},
    {file = "coverage-7.14.2-cp311-cp311-macosx_11_0_arm64.whl", hash = "sha256:c8102deaf911938233f760426e6a5e287388521de95111d5c8de26c8a1028924"},
    {file = "coverage-7.14.2-cp311-cp311-manylinux1_i686.manylinux_2_28_i686.manylinux_2_5_i686.whl", hash = "sha256:851f49e7bd7d1cdaf328f3133942b252d5e3d3380690131f423cba8e435b87f5"},
    {file = "coverage-7.14.2-cp311-cp311-manylinux1_x86_64.manylinux_2_28_x86_64.manylinux_2_5_x86_64.whl", hash = "sha256:04cb445bed86aaf00aaa97d41a8b6e30f100f21e81c34caaec4efc684cb57768"},
    {file = "coverage-7.14.2-cp311-cp311-manylinux2014_aarch64.manylinux_2_17_aarch64.manylinux_2_28_aarch64.whl", hash = "sha256:7471bc920d97c51c37ea8127f13b2adca43c3d78c53313b26a1f428e99d2c254"},
    {file = "coverage-7.14.2-cp311-cp311-manylinux2014_ppc64le.manylinux_2_17_ppc64le.manylinux_2_28_ppc64le.whl", hash = "sha256:da5057e1bb257c967feee8ba67f3ebf379e801c7717f238b3d8c9caf00fc8f93"},
    {file = "coverage-7.14.2-cp311-cp311-manylinux_2_31_riscv64.manylinux_2_39_riscv64.whl", hash = "sha256:33c0da852e8a40246cd8e20cf3b2fc17ca52a45e9b5f7983c93db26f5d24b87b"},
    {file = "coverage-7.14.2-cp311-cp311-musllinux_1_2_aarch64.whl", hash = "sha256:f48a85bb437fab7782021c40bfee6b15146928b96960d008ace41b6901a0f21d"},
    {file = "coverage-7.14.2-cp311-cp311-musllinux_1_2_i686.whl", hash = "sha256:f44e7579a769a21d5b5e3166916bfe30ee175aaffff750324cbb11be2dbec5ad"},
    {file = "coverage-7.14.2-cp311-cp311-musllinux_1_2_ppc64le.whl", hash = "sha256:78853ca3c6ca2f012daa2b07dbabbb8db0f09d4dbe8ee828d294b3445d3f4cd8"},
    {file = "coverage-7.14.2-cp311-cp311-musllinux_1_2_riscv64.whl", hash = "sha256:c9c2795ee3692097ff226ab806005d36bb9691fca9b35353542b57ea749cc830"},
    {file = "coverage-7.14.2-cp311-cp311-musllinux_1_2_x86_64.whl", hash = "sha256:2f5cc48a845d755b6db236f8c29c2b54773eb4c7e4ee2ead43812d73718784b0"},
    {file = "coverage-7.14.2-cp311-cp311-win32.whl", hash = "sha256:9c61cb7eaabcfa609c5bc0f5ff5869d72a2f02f17994e5fba5f971de516f3c82"},
    {file = "coverage-7.14.2-cp311-cp311-win_amd64.whl", hash = "sha256:e715909b0966d1774d8a26e14e2f4a3ae75909dca526901c6306286b2dcbfbdc"},
    {file = "coverage-7.14.2-cp311-cp311-win_arm64.whl", hash = "sha256:9193f7150937a4fd836b10eaa123e15d98e961d1fabac07e60adf2d4785f888a"},
    {file = "coverage-7.14.2-cp312-cp312-macosx_10_13_x86_64.whl", hash = "sha256:37c94712e533ea06f0b1e4d934811c520b1914ce0e4da3916220717aa7a86bc6"},
    {file = "coverage-7.14.2-cp312-cp312-macosx_11_0_arm64.whl", hash = "sha256:c050bbc7bba94c77e4ed7438f4fda1babe98ab145691d80aa6f60df934a1468b"},
    {file = "coverage-7.14.2-cp312-cp312-manylinux1_i686.manylinux_2_28_i686.manylinux_2_5_i686.whl", hash = "sha256:a7af571767a2ee342a171c16fc1b1a07a0bf511606d381703fb7cf397fe49d46"},
    {file = "coverage-7.14.2-cp312-cp312-manylinux1_x86_64.manylinux_2_28_x86_64.manylinux_2_5_x86_64.whl", hash = "sha256:8b4910cce599cd2438f8da65f5ef199a70a1cdb6ab314926df78271ca5954240"},
    {file = "coverage-7.14.2-cp312-cp312-manylinux2014_aarch64.manylinux_2_17_aarch64.manylinux_2_28_aarch64.whl", hash = "sha256:c33e9e4878972f430b0cc06de3bf2a28d054a9efb4f8426d27de0d9cb81396ff"},
    {file = "coverage-7.14.2-cp312-cp312-manylinux2014_ppc64le.manylinux_2_17_ppc64le.manylinux_2_28_ppc64le.whl", hash = "sha256:e7967ea55c6dea6becba4d5870e2fa0aa4915a8be7ebff1bb79e6207aa75ce8d"},
    {file = "coverage-7.14.2-cp312-cp312-manylinux_2_31_riscv64.manylinux_2_39_riscv64.whl", hash = "sha256:d1322f237c2979b84096f4239c17828ff17fea6b3bbe96c44381c5f587c44c26"},
    {file = "coverage-7.14.2-cp312-cp312-musllinux_1_2_aarch64.whl", hash = "sha256:77849525340c99f516d793dddbcee16b18d50af892ac43c8de1a6f343d41e3b5"},
    {file = "coverage-7.14.2-cp312-cp312-musllinux_1_2_i686.whl", hash = "sha256:ef11695493ec3f06f7b2678ca274bcabb4ca04057317df268ddbfd8b05f661a8"},
    {file = "coverage-7.14.2-cp312-cp312-musllinux_1_2_ppc64le.whl", hash = "sha256:8134f0e0723e080d1c27bbe8fc149f0162e429fa1852482150015d0fce83eaf1"},
    {file = "coverage-7.14.2-cp312-cp312-musllinux_1_2_riscv64.whl", hash = "sha256:914eead2b843fc357f733b3fe39cc94f1b53d466e8cfe03080b1ed9d24ccfc73"},
    {file = "coverage-7.14.2-cp312-cp312-musllinux_1_2_x86_64.whl", hash = "sha256:e4b2d5e847fb7958583b74910cc19e5ec4ece514487385677b26433b2546116e"},
    {file = "coverage-7.14.2-cp312-cp312-win32.whl", hash = "sha256:e753db9e40dda7302e0ac3e1e6e1325fb7f7b4694f87a7314ab15dd5d57911a7"},
    {file = "coverage-7.14.2-cp312-cp312-win_amd64.whl", hash = "sha256:d32e5ca5f16dafb269ee50b60d32b00c704b3f6f78e238105f1d94a3a5f24bf5"},
    {file = "coverage-7.14.2-cp312-cp312-win_arm64.whl", hash = "sha256:dc366f158e2fb2add9d4e57338ca48f12611024278688ee657eb0b853fcb5de5"},
    {file = "coverage-7.14.2-cp313-cp313-macosx_10_13_x86_64.whl", hash = "sha256:e5f077641a6713ce9d38df9e85d4fb9e008677fc0775cbaeb32ddfc3b319d4ca"},
    {file = "coverage-7.14.2-cp313-cp313-macosx_11_0_arm64.whl", hash = "sha256:0907f39b49ae818fe8af50aaa0f19afbc8ca164aea0865181ca7af17a3ac690b"},
    {file = "coverage-7.14.2-cp313-cp313-manylinux1_i686.manylinux_2_28_i686.manylinux_2_5_i686.whl", hash = "sha256:5734d47669118d75c28981e562d4530ceb77342d31ffef6def5edd5ad4f05d7b"},
    {file = "coverage-7.14.2-cp313-cp313-manylinux1_x86_64.manylinux_2_28_x86_64.manylinux_2_5_x86_64.whl", hash = "sha256:1d9a1b5813d00ea6151f6ccf64d1fa16892771dfdda12ba87162d15ec4ea3e1e"},
    {file = "coverage-7.14.2-cp313-cp313-manylinux2014_aarch64.manylinux_2_17_aarch64.manylinux_2_28_aarch64.whl", hash = "sha256:9f0a80f4c8ac3f774210b1cc1bc0e31e75502f2818dda9a144ff90e702c4d91d"},
    {file = "coverage-7.14.2-cp313-cp313-manylinux2014_ppc64le.manylinux_2_17_ppc64le.manylinux_2_28_ppc64le.whl", hash = "sha256:c2e66f3f22d6c1515ce70f2e7c3e9c6f3ff0ff33480125c9f9c53e8f6508e30f"},
    {file = "coverage-7.14.2-cp313-cp313-manylinux_2_31_riscv64.manylinux_2_39_riscv64.whl", hash = "sha256:6a2c37c3114f87ca7f10113756026eecb49656514debad600dcbec21f355ccea"},
    {file = "coverage-7.14.2-cp313-cp313-musllinux_1_2_aarch64.whl", hash = "sha256:3b16a7959d04b1497281c062c180413565c3f3469211d78799ad5b9a75f67796"},
    {file = "coverage-7.14.2-cp313-cp313-musllinux_1_2_i686.whl", hash = "sha256:6466c6999545cf00c4c142dfcbbf2db396dc735f005dcf8f91d57e351a79472b"},
    {file = "coverage-7.14.2-cp313-cp313-musllinux_1_2_ppc64le.whl", hash = "sha256:5c60915ebb8f562317ba5ff6b8c32e25c0882289b201a9f2fb2987f91efd95d8"},
    {file = "coverage-7.14.2-cp313-cp313-musllinux_1_2_riscv64.whl", hash = "sha256:33b830850488acbcd358c78a4fecfafe7031667b4da8ddff5546295dc962cdeb"},
    {file = "coverage-7.14.2-cp313-cp313-musllinux_1_2_x86_64.whl", hash = "sha256:d0f845539230b8269aec902bc978b0cc403f52f002d18a04492efc943404d0bc"},
    {file = "coverage-7.14.2-cp313-cp313-win32.whl", hash = "sha256:a8ac51a2e441e9119b9395f4d893fbc4934c64c8ba58be9b9eaa85591249e548"},
    {file = "coverage-7.14.2-cp313-cp313-win_amd64.whl", hash = "sha256:039b264cdb31c44b48f9821e2afbf8f37df49e0fb837e24a942918b36c567e31"},
    {file = "coverage-7.14.2-cp313-cp313-win_arm64.whl", hash = "sha256:7f2ef591e381cc36b8e53334e1b842c760c520c8a52d01e8626209400e93fe6a"},
    {file = "coverage-7.14.2-cp314-cp314-macosx_10_15_x86_64.whl", hash = "sha256:7a0d1f026b72d627fa5c8a57cbc86ad209b64aa2a65833c83b290ace5cbee126"},
    {file = "coverage-7.14.2-cp314-cp314-macosx_11_0_arm64.whl", hash = "sha256:4d2b86f81c1c9310a7e774e3cc9e927a3d0bf583ecbfa01498dd626930025428"},
    {file = "coverage-7.14.2-cp314-cp314-manylinux1_i686.manylinux_2_28_i686.manylinux_2_5_i686.whl", hash = "sha256:d76bdc1f9396ae70a55d050cf9743d88141c62ce0a22a3f627fab1d11c2f8bc6"},
    {file = "coverage-7.14.2-cp314-cp314-manylinux1_x86_64.manylinux_2_28_x86_64.manylinux_2_5_x86_64.whl", hash = "sha256:cda36d8e7bfd63b3e44e75163265429caa5d935b672b00f71bccc8c010518c64"},
    {file = "coverage-7.14.2-cp314-cp314-manylinux2014_aarch64.manylinux_2_17_aarch64.manylinux_2_28_aarch64.whl", hash = "sha256:0904f3b79d7b845bef0715afe1900da634d12b97f05b9479cb472880ca07cb9c"},
    {file = "coverage-7.14.2-cp314-cp314-manylinux2014_ppc64le.manylinux_2_17_ppc64le.manylinux_2_28_ppc64le.whl", hash = "sha256:b6795ca4198d6cb7fc2c6163214f6555a6bc5f0ae1e268e76139dec4b37c4499"},
    {file = "coverage-7.14.2-cp314-cp314-manylinux_2_31_riscv64.manylinux_2_39_riscv64.whl", hash = "sha256:c41e9b60fc0fa57f5d73306417d2f9d668202cca6944f9435878c55a5e7ae213"},
    {file = "coverage-7.14.2-cp314-cp314-musllinux_1_2_aarch64.whl", hash = "sha256:419d2aadd5746efc2e9df0f33c05570d8192e6f6a6098ab05acce586f44ce8a5"},
    {file = "coverage-7.14.2-cp314-cp314-musllinux_1_2_i686.whl", hash = "sha256:1c5d273c5f1411c0d26c4f066c398d4a434b1f97bb5fa409189bedce86d4add4"},
    {file = "coverage-7.14.2-cp314-cp314-musllinux_1_2_ppc64le.whl", hash = "sha256:5fe465bc691264adce601527a972990c1174075d86bcbe9968fd20c95e0b1948"},
    {file = "coverage-7.14.2-cp314-cp314-musllinux_1_2_riscv64.whl", hash = "sha256:6fbb61617af1c56f95d53170ae9fa6c9aef6de1abd02fcc50064bfc672efb18d"},
    {file = "coverage-7.14.2-cp314-cp314-musllinux_1_2_x86_64.whl", hash = "sha256:e1eff22b831dfd5694989cc1f0789980f18391f614ac67c851af9a8e6d25e9ba"},
    {file = "coverage-7.14.2-cp314-cp314-win32.whl", hash = "sha256:58e91be0a233adef698d3e6be54f10401bb91fd7854c0d4c4d50e0d3711e72f1"},
    {file = "coverage-7.14.2-cp314-cp314-win_amd64.whl", hash = "sha256:d8429bf97906bfe6c61f9dbfb3342e0d88120da61939da8bd04f830cc3eab3b8"},
    {file = "coverage-7.14.2-cp314-cp314-win_arm64.whl", hash = "sha256:13609d9d77249447aa73357b14831b0f3b95f275026c9ff20dd105f981f53a0c"},
    {file = "coverage-7.14.2-cp314-cp314t-macosx_10_15_x86_64.whl", hash = "sha256:9818486c2bac88ae931df7e04905ee29bef49fd218c00f5f02bed4855254a101"},
    {file = "coverage-7.14.2-cp314-cp314t-macosx_11_0_arm64.whl", hash = "sha256:58055adffabfa243516a197aa9f85f0dd56d905b0fba1a10193269759c29ccb0"},
    {file = "coverage-7.14.2-cp314-cp314t-manylinux1_i686.manylinux_2_28_i686.manylinux_2_5_i686.whl", hash = "sha256:535747dbc200349d7fb434cffcb28e770f0290f69b225f56dc3803aa7210cdea"},
    {file = "coverage-7.14.2-cp314-cp314t-manylinux1_x86_64.manylinux_2_28_x86_64.manylinux_2_5_x86_64.whl", hash = "sha256:420c66e35d85c0ca5dc6a38147d83ef239762542900e5921ebbdb89333c540ea"},
    {file = "coverage-7.14.2-cp314-cp314t-manylinux2014_aarch64.manylinux_2_17_aarch64.manylinux_2_28_aarch64.whl", hash = "sha256:f2cf17b33773be446a588551ea6a746b2d70dd0bc90dc31f1dd7648975a63c6b"},
    {file = "coverage-7.14.2-cp314-cp314t-manylinux2014_ppc64le.manylinux_2_17_ppc64le.manylinux_2_28_ppc64le.whl", hash = "sha256:adb4a5fef041f7179bb264203add873c147d169cf2f8d0adae89ff2e51271bac"},
    {file = "coverage-7.14.2-cp314-cp314t-manylinux_2_31_riscv64.manylinux_2_39_riscv64.whl", hash = "sha256:9c012ec357dec9408a83dad5541172a63c5cfa1421709f2e5811480d31ae1b28"},
    {file = "coverage-7.14.2-cp314-cp314t-musllinux_1_2_aarch64.whl", hash = "sha256:dacd0ecd08fda3cb2f85b60cabea7da326dcb2fc15fbb23a88830a80144cc9f2"},
    {file = "coverage-7.14.2-cp314-cp314t-musllinux_1_2_i686.whl", hash = "sha256:f27e980f2feba5dfe7a32b22b125470de69c0bd113c75e16165de909a777f512"},
    {file = "coverage-7.14.2-cp314-cp314t-musllinux_1_2_ppc64le.whl", hash = "sha256:105c00efb65c863630b2b63cbf7b8267e4da2d44b62284efbb19a03b04c337d4"},
    {file = "coverage-7.14.2-cp314-cp314t-musllinux_1_2_riscv64.whl", hash = "sha256:571173fa04c8e8d6235ab32ae67fecca97777e2e1b4a1a30f3022c34e397c1c1"},
    {file = "coverage-7.14.2-cp314-cp314t-musllinux_1_2_x86_64.whl", hash = "sha256:e532f34d42d1a421fa00ed6b7735d14ac2e340256c1bad26a5e1dc1252b0bed7"},
    {file = "coverage-7.14.2-cp314-cp314t-win32.whl", hash = "sha256:243971550fb46c3039257f75e65610002d84304c505f609bbd9779e20a653a0a"},
    {file = "coverage-7.14.2-cp314-cp314t-win_amd64.whl", hash = "sha256:60fb0ca084a92da96474b8b405a7ea76dfecac3c68db54383e7934b6f3871169"},
    {file = "coverage-7.14.2-cp314-cp314t-win_arm64.whl", hash = "sha256:36a0a3f42ed7dfdbca2a69a541519ffd5064a5692152fc0018109e74370d7345"},
    {file = "coverage-7.14.2-py3-none-any.whl", hash = "sha256:04d92589e481a8b68a005a5a1e0646a91c76f322c397c4635298c57cf63699b5"},
    {file = "coverage-7.14.2.tar.gz", hash = "sha256:7a2da3d81cfe17c18038c6d98e6592aa9147d596d056119b0ee612c3c8bd5230"},
]

[[package]]
name = "iniconfig"
version = "2.3.0"
requires_python = ">=3.10"
summary = "brain-dead simple config-ini parsing"
groups = ["test"]
files = [
    {file = "iniconfig-2.3.0-py3-none-any.whl", hash = "sha256:f631c04d2c48c52b84d0d0549c99ff3859c98df65b3101406327ecc7d53fbf12"},
    {file = "iniconfig-2.3.0.tar.gz", hash = "sha256:c76315c77db068650d49c5b56314774a7804df16fee4402c1f19d6d15d8c4730"},
]

[[package]]
name = "networkx"
version = "3.6.1"
requires_python = "!=3.14.1,>=3.11"
summary = "Python package for creating and manipulating graphs and networks"
groups = ["default"]
files = [
    {file = "networkx-3.6.1-py3-none-any.whl", hash = "sha256:d47fbf302e7d9cbbb9e2555a0d267983d2aa476bac30e90dfbe5669bd57f3762"},
    {file = "networkx-3.6.1.tar.gz", hash = "sha256:26b7c357accc0c8cde558ad486283728b65b6a95d85ee1cd66bafab4c8168509"},
]

[[package]]
name = "numpy"
version = "2.4.6"
requires_python = ">=3.11"
summary = "Fundamental package for array computing in Python"
groups = ["default"]
files = [
    {file = "numpy-2.4.6-cp311-cp311-macosx_10_9_x86_64.whl", hash = "sha256:0280e0356c0829a18d9de1cb7eee50ec22ca639878d7240307ca0943d73cd2c4"},
    {file = "numpy-2.4.6-cp311-cp311-macosx_11_0_arm64.whl", hash = "sha256:110f8b71aacb688ec69062bb7f6938a0f8acb01b7c1c4beb453c65b6d234584d"},
    {file = "numpy-2.4.6-cp311-cp311-macosx_14_0_arm64.whl", hash = "sha256:4cfe66903cc32a9921a6733d96b19bb6abf310397581bbad89c228f5abaf0ee8"},
    {file = "numpy-2.4.6-cp311-cp311-macosx_14_0_x86_64.whl", hash = "sha256:8155154c7c691289fe18f510b5d4657c68c67989f293f0535a91360392ff6538"},
    {file = "numpy-2.4.6-cp311-cp311-manylinux_2_27_aarch64.manylinux_2_28_aarch64.whl", hash = "sha256:0ab0a9c4ffb1a6d95ef519fe4247dba8eb6b18ad93999f76b7f657039acabd47"},
    {file = "numpy-2.4.6-cp311-cp311-manylinux_2_27_x86_64.manylinux_2_28_x86_64.whl", hash = "sha256:89cd468399cfd2504718f0ba50e410dca55a170b61a02ad92bb18c8a65186e93"},
    {file = "numpy-2.4.6-cp311-cp311-musllinux_1_2_aarch64.whl", hash = "sha256:c2d37ab77531417474168eb79d6d80b14f821a966818505d03013d0833edb7a8"},
    {file = "numpy-2.4.6-cp311-cp311-musllinux_1_2_x86_64.whl", hash = "sha256:f407cb6b8e9d6d8c626bc73c945db1706035af8fd632295547bf1c9e46d092d6"},
    {file = "numpy-2.4.6-cp311-cp311-win32.whl", hash = "sha256:ddea102b48f9e339f3948bf22040944184627a30fdf7f858667673b9c5f033c8"},
    {file = "numpy-2.4.6-cp311-cp311-win_amd64.whl", hash = "sha256:1e254a00cdf42b1e4d5b3d68d33af63268d41340d8885df2ab6470f2e1500147"},
    {file = "numpy-2.4.6-cp311-cp311-win_arm64.whl", hash = "sha256:ed9749eef4cbd126da3dc1d6bcb3a57f5eb7ac6a6484146bdbf743f552dfc577"},
    {file = "numpy-2.4.6-cp312-cp312-macosx_10_13_x86_64.whl", hash = "sha256:001fbb8e08d942dd57599e781f2472269ee7f2755fae407b4f67b2f0b17da3f1"},
    {file = "numpy-2.4.6-cp312-cp312-macosx_11_0_arm64.whl", hash = "sha256:ebfb099f8dcf083deef3ac1ca4c1503f387cf76296fcb3816b66f5ecb5f54fdb"},
    {file = "numpy-2.4.6-cp312-cp312-macosx_14_0_arm64.whl", hash = "sha256:3213d622a0283a39a93d188f3cf72b26862df52fbb4ca3697f51705016523d41"},
    {file = "numpy-2.4.6-cp312-cp312-macosx_14_0_x86_64.whl", hash = "sha256:357cc07a6d7b0b182ff02249616a03742827ebb1277546b5c7cd7f7620a45698"},
    {file = "numpy-2.4.6-cp312-cp312-manylinux_2_27_aarch64.manylinux_2_28_aarch64.whl", hash = "sha256:5f9fb9157b4ce2971008323afe46053787b526ef624fea915b261468a8421a0f"},
    {file = "numpy-2.4.6-cp312-cp312-manylinux_2_27_x86_64.manylinux_2_28_x86_64.whl", hash = "sha256:90f9849678c75fe7afa2d348ac842c168b0a4d3d61919687216dfc547976d853"},
    {file = "numpy-2.4.6-cp312-cp312-musllinux_1_2_aarch64.whl", hash = "sha256:c1a2af6c6ef86344a6b0db6b97834208bf598db514f2b155042439b62605601a"},
    {file = "numpy-2.4.6-cp312-cp312-musllinux_1_2_x86_64.whl", hash = "sha256:e5805d5a22fd19c8ccff10a9561f9df94436b0545619ea579db2d3c35294bce2"},
    {file = "numpy-2.4.6-cp312-cp312-win32.whl", hash = "sha256:e3eeb0aabd6bd5ce64faae67e9935203a6991b4bc2a485a767fbafb2c5125f45"},
    {file = "numpy-2.4.6-cp312-cp312-win_amd64.whl", hash = "sha256:d8e8286dd7cea7895157318d1b91cdacac64c479f3cbc8dce548331728484751"},
    {file = "numpy-2.4.6-cp312-cp312-win_arm64.whl", hash = "sha256:4081eb135ac24158bd51cdfbef16f1c64df7063b1143f24731387137c092bec8"},
    {file = "numpy-2.4.6-cp313-cp313-macosx_10_13_x86_64.whl", hash = "sha256:511dbaf848decaaaf4b4ca48032619fb3138710c4bf7da7617765edad1ef96b0"},
    {file = "numpy-2.4.6-cp313-cp313-macosx_11_0_arm64.whl", hash = "sha256:bf162abab1c1a736333192707cef898e735a5ca00f38f27eeedf44b39d9e85eb"},
    {file = "numpy-2.4.6-cp313-cp313-macosx_14_0_arm64.whl", hash = "sha256:043191bfa8eab18c776647b62723ac9dddece59743b13f49b2016094129c2b3f"},
    {file = "numpy-2.4.6-cp313-cp313-macosx_14_0_x86_64.whl", hash = "sha256:6180d8b35af935aed8ece3a85e0a43f87393ae0ac87c8d2c8bd2c993f7270ef3"},
    {file = "numpy-2.4.6-cp313-cp313-manylinux_2_27_aarch64.manylinux_2_28_aarch64.whl", hash = "sha256:72fbe16c6fac95aedf5937fa873445cec2110be35d8a4e9433d7501fd98dae6b"},
    {file = "numpy-2.4.6-cp313-cp313-manylinux_2_27_x86_64.manylinux_2_28_x86_64.whl", hash = "sha256:a7830bab239b79cda9c08c2da014761cafb48da6150e1da17ac06283f43b6089"},
    {file = "numpy-2.4.6-cp313-cp313-musllinux_1_2_aarch64.whl", hash = "sha256:ef4aea96ce4d3b074422cb4f2f64e216bf9e213004bb58ecfdf50ea02ea8eb9a"},
    {file = "numpy-2.4.6-cp313-cp313-musllinux_1_2_x86_64.whl", hash = "sha256:dfa20cc6ca228e6b155b11da03825975ce66aea520985dbbddf0f2a5a495c605"},
    {file = "numpy-2.4.6-cp313-cp313-win32.whl", hash = "sha256:56b39e5e0622a09a25bf5baf62f4bcf0cb8a41ae6e2819cf49bbc5a74c083f91"},
    {file = "numpy-2.4.6-cp313-cp313-win_amd64.whl", hash = "sha256:c4fc99836233ea196540b17ab0983aff60ed07941751930f5f4d05bc3b3b7359"},
    {file = "numpy-2.4.6-cp313-cp313-win_arm64.whl", hash = "sha256:a7c711e21628b52034bb5ab8d1bce291f752fcc5e92accc615778acee1ff4778"},
    {file = "numpy-2.4.6-cp313-cp313t-macosx_11_0_arm64.whl", hash = "sha256:112b06a867b235ef466ed3508ddf0238050df9c727cafb5301ac385b899189a1"},
    {file = "numpy-2.4.6-cp313-cp313t-macosx_14_0_arm64.whl", hash = "sha256:eaf7fa2de5c0be8ae6ff8e9bea2ccd725e980541244521d8d4b5f3354a27babe"},
    {file = "numpy-2.4.6-cp313-cp313t-macosx_14_0_x86_64.whl", hash = "sha256:7265a2f3d436e54ef9f2b52b5c937e6be778781bd97a590319d7348f1c1ca997"},
    {file = "numpy-2.4.6-cp313-cp313t-manylinux_2_27_aarch64.manylinux_2_28_aarch64.whl", hash = "sha256:f74a575920ab21fe304421a3fc28793d82e299cae9eccb37084e9fc7f3617c20"},
    {file = "numpy-2.4.6-cp313-cp313t-manylinux_2_27_x86_64.manylinux_2_28_x86_64.whl", hash = "sha256:ede83e07a75dd06bc501566c1eca2afc0d61677c1472ac9ad93fdee6e638a48d"},
    {file = "numpy-2.4.6-cp313-cp313t-musllinux_1_2_aarch64.whl", hash = "sha256:68bb27509ac1b9a3443094260f6326150663b06abe40b73a2f81160623da5b67"},
    {file = "numpy-2.4.6-cp313-cp313t-musllinux_1_2_x86_64.whl", hash = "sha256:a0df0043bdb289bde1f62da130d20df23d58b45429f752bc7a8fc5325a225ecd"},
    {file = "numpy-2.4.6-cp313-cp313t-win32.whl", hash = "sha256:29a287e0cf63ff528da061de6b9f64a4618da591ca1046aafc54062e40ca7eab"},
    {file = "numpy-2.4.6-cp313-cp313t-win_amd64.whl", hash = "sha256:25c692919ac5a01f170a3bfcd62d745b24fd095c353d50812637d6fcab442e75"},
    {file = "numpy-2.4.6-cp313-cp313t-win_arm64.whl", hash = "sha256:1e978ec1e8bd0e0e4de6bb75de9d30cbb74db6b6a2bb727618613703ca0167dd"},
    {file = "numpy-2.4.6-cp314-cp314-macosx_10_15_x86_64.whl", hash = "sha256:06ca2f61ec4385a07a6977c55ba998a4466c123642b4a32694d3128fce18c079"},
    {file = "numpy-2.4.6-cp314-cp314-macosx_11_0_arm64.whl", hash = "sha256:38efbc8de75c7a0fc1ac190162d892787f3f47b57cc291231aafee36b80982b7"},
    {file = "numpy-2.4.6-cp314-cp314-macosx_14_0_arm64.whl", hash = "sha256:d581b735e177fdcdce6fed8e7e8880a3fb6ee4e3653a3ac6af01c6f4c03effc5"},
    {file = "numpy-2.4.6-cp314-cp314-macosx_14_0_x86_64.whl", hash = "sha256:0a041d3d761dc3c35cc56ce0351506a02bcbc25f7b169f652435141a17db9096"},
    {file = "numpy-2.4.6-cp314-cp314-manylinux_2_27_aarch64.manylinux_2_28_aarch64.whl", hash = "sha256:40fdc1ae7125e518ea98e53e69a4ebc27e1fd50510c47b7ea130cf21e5e1d42b"},
    {file = "numpy-2.4.6-cp314-cp314-manylinux_2_27_x86_64.manylinux_2_28_x86_64.whl", hash = "sha256:a2c306dea656c12c68f51f4cea133cbe78ca7435eb28c735eac1d3ebe73be6e8"},
    {file = "numpy-2.4.6-cp314-cp314-musllinux_1_2_aarch64.whl", hash = "sha256:33111801a01c12a8a1e3721f0a9232f8cfc8ae2c6b7098167e6f623c6073f402"},
    {file = "numpy-2.4.6-cp314-cp314-musllinux_1_2_x86_64.whl", hash = "sha256:ae506e6902902557576a26ff33eda8695e7ecb3cb36c3b573a0765dee114ebdb"},
    {file = "numpy-2.4.6-cp314-cp314-win32.whl", hash = "sha256:aaf159caa35993cb1f56fb9b8e4610d35758e7ca005412eb1daa856a78c9c4b1"},
    {file = "numpy-2.4.6-cp314-cp314-win_amd64.whl", hash = "sha256:b507f5c4c1d508876d1819b6bf9a49d365b96320b5d4993426b33a23ca4b8261"},
    {file = "numpy-2.4.6-cp314-cp314-win_arm64.whl", hash = "sha256:6f41ae150c4e32db4f3310cdaf64b1593a03dbabe29eec77fc9b50fe64061df6"},
    {file = "numpy-2.4.6-cp314-cp314t-macosx_11_0_arm64.whl", hash = "sha256:ece3d2cfe132e7d51f44a832b303895e6f2d499c5e74dfbdb06ee246147a304a"},
    {file = "numpy-2.4.6-cp314-cp314t-macosx_14_0_arm64.whl", hash = "sha256:e3e5193ef5a3dc73bceee50f7fdc2c90dbb76c42df8d8fae3d1067a583df579e"},
    {file = "numpy-2.4.6-cp314-cp314t-macosx_14_0_x86_64.whl", hash = "sha256:17f9ade344e7d9b464a084d69bcf18fc691cb1db67c62ed80820bf4926d78f0e"},
    {file = "numpy-2.4.6-cp314-cp314t-manylinux_2_27_aarch64.manylinux_2_28_aarch64.whl", hash = "sha256:9cd5ffd25db4e7ba6a375693b3fc0fc1791ec636c17db3720da19bde7180ec43"},
    {file = "numpy-2.4.6-cp314-cp314t-manylinux_2_27_x86_64.manylinux_2_28_x86_64.whl", hash = "sha256:7d92c3819208a60205a12a245c91ad70cb0a85336659b19b834205573ac8456e"},
    {file = "numpy-2.4.6-cp314-cp314t-musllinux_1_2_aarch64.whl", hash = "sha256:e85b752a1e912b70eaad4fafbd4d1238007ab221de2009b9a2f5ae7461239895"},
    {file = "numpy-2.4.6-cp314-cp314t-musllinux_1_2_x86_64.whl", hash = "sha256:29cb7f67d10b479ff07c17d33e39f78c07f71c40ef30d63c153d340e96cd3fb4"},
    {file = "numpy-2.4.6-cp314-cp314t-win32.whl", hash = "sha256:260a5d70215b61ab4fadf5c7baacd64821842975eea312125ed3c39a6391b063"},
    {file = "numpy-2.4.6-cp314-cp314t-win_amd64.whl", hash = "sha256:81a1cca95ed5bb92aa8b10dd2cdc9a0d3853a50fad926c28b5d7e8ea54389627"},
    {file = "numpy-2.4.6-cp314-cp314t-win_arm64.whl", hash = "sha256:0c9136e14ed34a9e343a31c533d78a9813a69a3148332bce5e9821cb2f996e66"},
    {file = "numpy-2.4.6-pp311-pypy311_pp73-macosx_10_15_x86_64.whl", hash = "sha256:55cced7c52e981362f708ad635198e97a752dfba412cc03c23bbf3bd8d5cd662"},
    {file = "numpy-2.4.6-pp311-pypy311_pp73-macosx_11_0_arm64.whl", hash = "sha256:d6da64deb6b8ed903e7560180a92f2d804ee1ba5eeb849ac2748b8c1aba1f6d7"},
    {file = "numpy-2.4.6-pp311-pypy311_pp73-macosx_14_0_arm64.whl", hash = "sha256:68a5124b13fa6cc2086764a20005d30bc0548146f7f5322f02fce212ca14317f"},
    {file = "numpy-2.4.6-pp311-pypy311_pp73-macosx_14_0_x86_64.whl", hash = "sha256:948424b06129ce883307e8cff868c31396d8dc7630a59c61d70d98dbe70f222c"},
    {file = "numpy-2.4.6-pp311-pypy311_pp73-manylinux_2_27_aarch64.manylinux_2_28_aarch64.whl", hash = "sha256:5dbbdb29840ca3d91ee0fece42fc29278886d908280bfec0a5846c6f901a3eb0"},
    {file = "numpy-2.4.6-pp311-pypy311_pp73-manylinux_2_27_x86_64.manylinux_2_28_x86_64.whl", hash = "sha256:8ad03c0965fb3c692200e74d458ca28c1dbb4ce96f9a479a8aa041ad5fabca02"},
    {file = "numpy-2.4.6-pp311-pypy311_pp73-win_amd64.whl", hash = "sha256:2803abfebfc990042cd494d8ce2d5f82e9d847af6d35ec486923aa19dbad5e73"},
    {file = "numpy-2.4.6.tar.gz", hash = "sha256:f3a3570c4a2a16746ac2c31a7c7c7b0c186b95ce902e33db6f28094ed7387dda"},
]

[[package]]
name = "packaging"
version = "26.2"
requires_python = ">=3.8"
summary = "Core utilities for Python packages"
groups = ["test"]
files = [
    {file = "packaging-26.2-py3-none-any.whl", hash = "sha256:5fc45236b9446107ff2415ce77c807cee2862cb6fac22b8a73826d0693b0980e"},
    {file = "packaging-26.2.tar.gz", hash = "sha256:ff452ff5a3e828ce110190feff1178bb1f2ea2281fa2075aadb987c2fb221661"},
]

[[package]]
name = "pandas"
version = "3.0.3"
requires_python = ">=3.11"
summary = "Powerful data structures for data analysis, time series, and statistics"
groups = ["default"]
dependencies = [
    "numpy>=1.26.0; python_version < \"3.14\"",
    "numpy>=2.3.3; python_version >= \"3.14\"",
    "python-dateutil>=2.8.2",
    "tzdata; sys_platform == \"emscripten\"",
    "tzdata; sys_platform == \"win32\"",
]
files = [
    {file = "pandas-3.0.3-cp311-cp311-macosx_10_9_x86_64.whl", hash = "sha256:455f6f8139d4282188f526868dbc3c828470e88a3d9d59a891bd46a455f21b98"},
    {file = "pandas-3.0.3-cp311-cp311-macosx_11_0_arm64.whl", hash = "sha256:4e15135e2ee5df1063313e2425ceef8ac0f4ae775893815b0923651b806a5639"},
    {file = "pandas-3.0.3-cp311-cp311-manylinux_2_24_aarch64.manylinux_2_28_aarch64.whl", hash = "sha256:05f1f1752b8533ea03f7f39a9c15b1a058d067bb48f4748948e7a8691e0510f2"},
    {file = "pandas-3.0.3-cp311-cp311-manylinux_2_24_x86_64.manylinux_2_28_x86_64.whl", hash = "sha256:8a1e45c80cceb3b4a21bc5939d52e8cbd8d9b7305309219d59e9754d9ce09e27"},
    {file = "pandas-3.0.3-cp311-cp311-musllinux_1_2_aarch64.whl", hash = "sha256:14da8316da4d0c5a77618425996bfb1248ca87fc2c1486e6fde4652bd18b5824"},
    {file = "pandas-3.0.3-cp311-cp311-musllinux_1_2_x86_64.whl", hash = "sha256:a55066a0505dae0ba2b50a46637db34b46f9094c65c5d4800794ef6335010938"},
    {file = "pandas-3.0.3-cp311-cp311-win_amd64.whl", hash = "sha256:6674ab18ad8c57802867264b00e15e7bb904700cdd9046e3b2fa1fce237439ea"},
    {file = "pandas-3.0.3-cp311-cp311-win_arm64.whl", hash = "sha256:5cc09a68b3120e0f54870dede8287a7bb1fa463907e4fcec1ea77cab6179bf7a"},
    {file = "pandas-3.0.3-cp312-cp312-macosx_10_13_x86_64.whl", hash = "sha256:fed2ff7fd9779120e388e285fc029bd5cf9490cdd2e4166a9ee22c0e49a9ab09"},
    {file = "pandas-3.0.3-cp312-cp312-macosx_11_0_arm64.whl", hash = "sha256:b168fc218fd80a6cbdbdbc1a97ddc7889ed057d7eb45f50d866ceab5f39904c4"},
    {file = "pandas-3.0.3-cp312-cp312-manylinux_2_24_aarch64.manylinux_2_28_aarch64.whl", hash = "sha256:0383c72c75cdcca61a9e116e611143902dbfd08bff356829c2f6d1cf40a9ca8c"},
    {file = "pandas-3.0.3-cp312-cp312-manylinux_2_24_x86_64.manylinux_2_28_x86_64.whl", hash = "sha256:6dc0b3fd2169c9157deed50b4d519553a3655c8c6a96027136d654592be973a9"},
    {file = "pandas-3.0.3-cp312-cp312-musllinux_1_2_aarch64.whl", hash = "sha256:7e65d5407dc0b394f509699650e4a2ec01c0514f21850f453fa60f3be79a5dbf"},
    {file = "pandas-3.0.3-cp312-cp312-musllinux_1_2_x86_64.whl", hash = "sha256:f8894dc474d648fe7b6ff0ca9b0bd73950d19952bc1a6534540762c5d79d305c"},
    {file = "pandas-3.0.3-cp312-cp312-win_amd64.whl", hash = "sha256:c7be265b62cef88e253a941e4698604973736dcfe242fdb5198f0f7bc473cdcc"},
    {file = "pandas-3.0.3-cp312-cp312-win_arm64.whl", hash = "sha256:557409bc4178e70ee8d9ddb494798e51ebf6ea59330f6be22c51bab2a7db6c49"},
    {file = "pandas-3.0.3-cp313-cp313-macosx_10_13_x86_64.whl", hash = "sha256:67b3b64c11910cfa29f4e94a14d3bff9ee693b6fc76055e7cad549cee0aec5fa"},
    {file = "pandas-3.0.3-cp313-cp313-macosx_11_0_arm64.whl", hash = "sha256:39436b377d56d2a2e52d0395bdbee171f01068e99af5250509aceeb929f765c7"},
    {file = "pandas-3.0.3-cp313-cp313-manylinux_2_24_aarch64.manylinux_2_28_aarch64.whl", hash = "sha256:d4be06d68f9ddcfc645b87534911da79a8fbffc7573c80e0edcf42a5020624d8"},
    {file = "pandas-3.0.3-cp313-cp313-manylinux_2_24_x86_64.manylinux_2_28_x86_64.whl", hash = "sha256:a4eeb6830daf35a71cc09649bd823e2b542dac246cdee9614c6e4bd65028cd6a"},
    {file = "pandas-3.0.3-cp313-cp313-musllinux_1_2_aarch64.whl", hash = "sha256:1928e07221f82db493cd4af1e23c1bfca524a19a4699887975bff68f49a72bfb"},
    {file = "pandas-3.0.3-cp313-cp313-musllinux_1_2_x86_64.whl", hash = "sha256:51b1fe551acb77dac643c6fda86084d8d446c10fe64b06a9cc29c4cc8540e7f2"},
    {file = "pandas-3.0.3-cp313-cp313-win_amd64.whl", hash = "sha256:a82d532a3351d435432cd913edbccaf8b8e01d4dd0e5ced5a8d2e8ecd94c7e44"},
    {file = "pandas-3.0.3-cp313-cp313-win_arm64.whl", hash = "sha256:275c14e0fce14a2ec20eee474aecd305478ea3c1e6f6a9d8fe219a165542717e"},
    {file = "pandas-3.0.3-cp313-cp313t-macosx_10_13_x86_64.whl", hash = "sha256:46997386d528eb40376ecd6b033cf4a8a1e5282580f68f43de875b78cba2199d"},
    {file = "pandas-3.0.3-cp313-cp313t-macosx_11_0_arm64.whl", hash = "sha256:261e308dfb22448384b7580cf719d2f998fe2966c92893c3e77d14008af1f066"},
    {file = "pandas-3.0.3-cp313-cp313t-manylinux_2_24_aarch64.manylinux_2_28_aarch64.whl", hash = "sha256:dd1a5d1def6a46002e964510bdc67c368aa0951df5d1d9f8365336f5a1f490cd"},
    {file = "pandas-3.0.3-cp313-cp313t-manylinux_2_24_x86_64.manylinux_2_28_x86_64.whl", hash = "sha256:d72828c20c6d6e83e1e22a6a3b47b326b71664112fa9705dcbccfd7a39b62085"},
    {file = "pandas-3.0.3-cp313-cp313t-musllinux_1_2_aarch64.whl", hash = "sha256:d26cbe1fcfc12e8fd900e2454163e466b2d3af84f7c75481df7683ffc073d870"},
    {file = "pandas-3.0.3-cp313-cp313t-musllinux_1_2_x86_64.whl", hash = "sha256:3e91cec1879ada0624fc3dc9953c5cbd60208e59c0db28f540c5d6d47502422f"},
    {file = "pandas-3.0.3-cp313-cp313t-win_amd64.whl", hash = "sha256:08d789b41f87e0905880e293cedf6197ce71fe67cc081358b1e148a491b9bd13"},
    {file = "pandas-3.0.3-cp314-cp314-macosx_10_15_x86_64.whl", hash = "sha256:3650109c0f22879df8bd6179ab9ee3d7f1d1d4e7e0094a3f0032d9f51e2e64ac"},
    {file = "pandas-3.0.3-cp314-cp314-macosx_11_0_arm64.whl", hash = "sha256:bab900348131a7db1f69a7309ef141fd5680f1487094193bcbbb61791573bf8f"},
    {file = "pandas-3.0.3-cp314-cp314-manylinux_2_24_aarch64.manylinux_2_28_aarch64.whl", hash = "sha256:ba7e08b9ac1d54569cd1e256e3668975ed624d6826f7b68df0342b012007bddb"},
    {file = "pandas-3.0.3-cp314-cp314-manylinux_2_24_x86_64.manylinux_2_28_x86_64.whl", hash = "sha256:9d71c63ae4ebdbf70209742096f1fc46a83a0613c99d4b23766cced9ff8cd62a"},
    {file = "pandas-3.0.3-cp314-cp314-musllinux_1_2_aarch64.whl", hash = "sha256:e3a2ec42c98ffa2565a67e08e218d06d72576d758d90facb7c00805194d8f360"},
    {file = "pandas-3.0.3-cp314-cp314-musllinux_1_2_x86_64.whl", hash = "sha256:335f62418ed562cfc3c49e9e196375c28b729dcef8543abf4f9438e381bf3c76"},
    {file = "pandas-3.0.3-cp314-cp314-win_amd64.whl", hash = "sha256:3c20a521bbb85902f79f7270c80a59e1b5452d96d170c034f207181870f97ac5"},
    {file = "pandas-3.0.3-cp314-cp314-win_arm64.whl", hash = "sha256:a2d2dff8a04f3917b55ab3910c32990f8ddf7eceba114947838cefa976a68977"},
    {file = "pandas-3.0.3-cp314-cp314t-macosx_10_15_x86_64.whl", hash = "sha256:0d589105b3c14645af1738ff279b2995102d8f7a03b0a66dc8d95550eb513e04"},
    {file = "pandas-3.0.3-cp314-cp314t-macosx_11_0_arm64.whl", hash = "sha256:13fc1e853d9e04743d11ba75a985ccbc2a317fe07d8af61e445a6fd24dacd6a6"},
    {file = "pandas-3.0.3-cp314-cp314t-manylinux_2_24_aarch64.manylinux_2_28_aarch64.whl", hash = "sha256:819959dab7bbd0049c15623fbac4e29a191b9528160a61fb1032242d8ced2d9c"},
    {file = "pandas-3.0.3-cp314-cp314t-manylinux_2_24_x86_64.manylinux_2_28_x86_64.whl", hash = "sha256:60ae316d3fd75d1858d450d0db0103ea2be3e7d4a95ec2f064f7e2ae63f7b028"},
    {file = "pandas-3.0.3-cp314-cp314t-musllinux_1_2_aarch64.whl", hash = "sha256:bd3a518890b400d32f9023722dc9a9a5c969f00b415419a3c06c043f09bb5d7d"},
    {file = "pandas-3.0.3-cp314-cp314t-musllinux_1_2_x86_64.whl", hash = "sha256:9c39be2d709d01fa972a0cabc522389fceca4f3969332ba25a7d6c5802cf976a"},
    {file = "pandas-3.0.3-cp314-cp314t-win_amd64.whl", hash = "sha256:4db8c527972a821cf5286b40ccc57642a39bc62e62022b42f99f8a67fca8c3a1"},
    {file = "pandas-3.0.3-cp314-cp314t-win_arm64.whl", hash = "sha256:b2c95f8bfc1ee412bf482605d7bfd30c12d1d26bd59fdd91efeef1d4718decb1"},
    {file = "pandas-3.0.3.tar.gz", hash = "sha256:696a4a00a2a2a35d4e5deb3fc946641b96c944f02230e4f76137fe35d806c4fc"},
]

[[package]]
name = "pluggy"
version = "1.6.0"
requires_python = ">=3.9"
summary = "plugin and hook calling mechanisms for python"
groups = ["test"]
files = [
    {file = "pluggy-1.6.0-py3-none-any.whl", hash = "sha256:e920276dd6813095e9377c0bc5566d94c932c33b27a3e3945d8389c374dd4746"},
    {file = "pluggy-1.6.0.tar.gz", hash = "sha256:7dcc130b76258d33b90f61b658791dede3486c3e6bfb003ee5c9bfb396dd22f3"},
]

[[package]]
name = "pygments"
version = "2.20.0"
requires_python = ">=3.9"
summary = "Pygments is a syntax highlighting package written in Python."
groups = ["test"]
files = [
    {file = "pygments-2.20.0-py3-none-any.whl", hash = "sha256:81a9e26dd42fd28a23a2d169d86d7ac03b46e2f8b59ed4698fb4785f946d0176"},
    {file = "pygments-2.20.0.tar.gz", hash = "sha256:6757cd03768053ff99f3039c1a36d6c0aa0b263438fcab17520b30a303a82b5f"},
]

[[package]]
name = "pytest"
version = "9.1.1"
requires_python = ">=3.10"
summary = "pytest: simple powerful testing with Python"
groups = ["test"]
dependencies = [
    "colorama>=0.4; sys_platform == \"win32\"",
    "exceptiongroup>=1; python_version < \"3.11\"",
    "iniconfig>=1.0.1",
    "packaging>=22",
    "pluggy<2,>=1.5",
    "pygments>=2.7.2",
    "tomli>=1; python_version < \"3.11\"",
]
files = [
    {file = "pytest-9.1.1-py3-none-any.whl", hash = "sha256:37a86b45efb9a47a61a36449063e8e18d0cab3161329fc099eb21783169c4f0c"},
    {file = "pytest-9.1.1.tar.gz", hash = "sha256:1088fbde8f2b49d95a549a195707afa7a76a3ce9bcadc26b6d71f0ffda5fe313"},
]

[[package]]
name = "pytest-cov"
version = "7.1.0"
requires_python = ">=3.9"
summary = "Pytest plugin for measuring coverage."
groups = ["test"]
dependencies = [
    "coverage[toml]>=7.10.6",
    "pluggy>=1.2",
    "pytest>=7",
]
files = [
    {file = "pytest_cov-7.1.0-py3-none-any.whl", hash = "sha256:a0461110b7865f9a271aa1b51e516c9a95de9d696734a2f71e3e78f46e1d4678"},
    {file = "pytest_cov-7.1.0.tar.gz", hash = "sha256:30674f2b5f6351aa09702a9c8c364f6a01c27aae0c1366ae8016160d1efc56b2"},
]

[[package]]
name = "python-dateutil"
version = "2.9.0.post0"
requires_python = "!=3.0.*,!=3.1.*,!=3.2.*,>=2.7"
summary = "Extensions to the standard Python datetime module"
groups = ["default"]
dependencies = [
    "six>=1.5",
]
files = [
    {file = "python-dateutil-2.9.0.post0.tar.gz", hash = "sha256:37dd54208da7e1cd875388217d5e00ebd4179249f90fb72437e91a35459a0ad3"},
    {file = "python_dateutil-2.9.0.post0-py2.py3-none-any.whl", hash = "sha256:a8b2bc7bffae282281c8140a97d3aa9c14da0b136dfe83f850eea9a5f7470427"},
]

[[package]]
name = "six"
version = "1.17.0"
requires_python = "!=3.0.*,!=3.1.*,!=3.2.*,>=2.7"
summary = "Python 2 and 3 compatibility utilities"
groups = ["default"]
files = [
    {file = "six-1.17.0-py2.py3-none-any.whl", hash = "sha256:4721f391ed90541fddacab5acf947aa0d3dc7d27b2e1e8eda2be8970586c3274"},
    {file = "six-1.17.0.tar.gz", hash = "sha256:ff70335d468e7eb6ec65b95b99d3a2836546063f63acc5171de367e834932a81"},
]

[[package]]
name = "tzdata"
version = "2026.2"
requires_python = ">=2"
summary = "Provider of IANA time zone data"
groups = ["default"]
marker = "sys_platform == \"win32\" or sys_platform == \"emscripten\""
files = [
    {file = "tzdata-2026.2-py2.py3-none-any.whl", hash = "sha256:bbe9af844f658da81a5f95019480da3a89415801f6cc966806612cc7169bffe7"},
    {file = "tzdata-2026.2.tar.gz", hash = "sha256:9173fde7d80d9018e02a662e168e5a2d04f87c41ea174b139fbef642eda62d10"},
]
